
Microsoft Visual Studio Solution File, Format Version 12.00
# Visual Studio Version 17
VisualStudioVersion = 17.13.35913.81
MinimumVisualStudioVersion = 10.0.40219.1
Project("{8BC9CEB8-8B4A-11D0-8D11-00A0C91BC942}") = "00_1_square", "00_1_square\00_1_square.vcxproj", "{005A9396-6C4B-49D0-AB5B-38F742CD5B16}"
EndProject
Project("{8BC9CEB8-8B4A-11D0-8D11-00A0C91BC942}") = "00_2_mouse", "00_2_mouse\00_2_mouse.vcxproj", "{01CE3126-A469-445E-833A-0883A29CBC53}"
EndProject
Project("{8BC9CEB8-8B4A-11D0-8D11-00A0C91BC942}") = "00_3_mouseCopy", "00_3_mouseCopy\00_3_mouse.vcxproj", "{F69F903A-4622-4B2A-919F-FDA53D4F45F0}"
EndProject
Project("{8BC9CEB8-8B4A-11D0-8D11-00A0C91BC942}") = "01_minimal_window", "01_minimal_window\01_minimal_window.vcxproj", "{A0B42268-75B9-4802-A4BC-ADD26262F1FC}"
EndProject
Project("{8BC9CEB8-8B4A-11D0-8D11-00A0C91BC942}") = "02_primitives", "02_primitives\02_primitives.vcxproj", "{50769F9D-0642-4779-BD15-17A942EE5FB1}"
EndProject
Project("{8BC9CEB8-8B4A-11D0-8D11-00A0C91BC942}") = "03_VAO_VBO", "03_VAO_VBO\03_VAO_VBO.vcxproj", "{4707C85C-D0E9-40F5-9CD7-8F2F2532E143}"
EndProject
Project("{8BC9CEB8-8B4A-11D0-8D11-00A0C91BC942}") = "04_animation", "04_animation\04_animation.vcxproj", "{AB1E19A4-D6D2-4ED5-88EA-5C026E1D0822}"
EndProject
Project("{8BC9CEB8-8B4A-11D0-8D11-00A0C91BC942}") = "05_line_and_circle", "05_line_and_circle\05_line_and_circle.vcxproj", "{F35AEF1D-07EA-4516-BCFE-1DBC9E89ACB3}"
EndProject
Project("{8BC9CEB8-8B4A-11D0-8D11-00A0C91BC942}") = "06_drag-and-drop", "06_drag-and-drop\06_drag-and-drop.vcxproj", "{5250FFFE-CECB-46DA-A708-D194D3C629DD}"
EndProject
Project("{8BC9CEB8-8B4A-11D0-8D11-00A0C91BC942}") = "07_Hermite_curve", "07_Hermite_curve\07_Hermite_curve.vcxproj", "{65B14E1C-063F-4573-8560-3F1972CEED9C}"
EndProject
Project("{8BC9CEB8-8B4A-11D0-8D11-00A0C91BC942}") = "08_Bezier_curve", "08_Bezier_curve\08_Bezier_curve.vcxproj", "{D1A77412-D5F5-4AD6-87E1-CEDA67A78941}"
EndProject
Project("{8BC9CEB8-8B4A-11D0-8D11-00A0C91BC942}") = "09_2D_transformation", "09_2D_transformation\09_2D_transformation.vcxproj", "{4F56BD83-53D4-4EDA-9FB0-8346C39C85AF}"
EndProject
Project("{8BC9CEB8-8B4A-11D0-8D11-00A0C91BC942}") = "10_projection_matrices", "10_projection_matrices\10_projection_matrices.vcxproj", "{BAC29B10-81BD-4163-9276-C642AFEE5581}"
EndProject
Project("{8BC9CEB8-8B4A-11D0-8D11-00A0C91BC942}") = "11_camera", "11_camera\11_camera.vcxproj", "{F5724361-F362-4B87-8EDF-93FDF912401B}"
EndProject
Project("{8BC9CEB8-8B4A-11D0-8D11-00A0C91BC942}") = "negyzet", "negyzet\negyzet.vcxproj", "{B890017C-DDE2-4781-8646-9FEC5C0AC675}"
EndProject
Project("{8BC9CEB8-8B4A-11D0-8D11-00A0C91BC942}") = "kör", "kör\kör.vcxproj", "{F4BB48EB-6271-4FDE-BA26-62B6E5547DA5}"
EndProject
Project("{8BC9CEB8-8B4A-11D0-8D11-00A0C91BC942}") = "hatszög", "hatszög\hatszög.vcxproj", "{F35AEF1D-07EA-4516-BCFE-1CDDA9E89AB3}"
EndProject
Project("{8BC9CEB8-8B4A-11D0-8D11-00A0C91BC942}") = "negyzet_csucspont", "negyzet_csucspont\negyzet_csucspont.vcxproj", "{93793484-AC3D-47D4-99D2-77CB50987ACC}"
EndProject
Project("{8BC9CEB8-8B4A-11D0-8D11-00A0C91BC942}") = "nyolcszög_csucspont", "nyolcszög_csucspont\nyolcszög_csucspont.vcxproj", "{3EBD0347-76DF-4659-9F5B-F9E5ACC619B0}"
EndProject
Project("{8BC9CEB8-8B4A-11D0-8D11-00A0C91BC942}") = "bezier_érintő", "bezier_érintő\bezier_érintő.vcxproj", "{5BD03DCD-D940-491F-9CA9-7FB8DE09284A}"
EndProject
Project("{8BC9CEB8-8B4A-11D0-8D11-00A0C91BC942}") = "bezier_mozgat", "bezier_mozgat\bezier_mozgat.vcxproj", "{5074BCBA-7AA8-4D12-8B3A-EDC8B6C29789}"
EndProject
Global
	GlobalSection(SolutionConfigurationPlatforms) = preSolution
		Debug|x64 = Debug|x64
		Debug|x86 = Debug|x86
		Release|x64 = Release|x64
		Release|x86 = Release|x86
	EndGlobalSection
	GlobalSection(ProjectConfigurationPlatforms) = postSolution
		{005A9396-6C4B-49D0-AB5B-38F742CD5B16}.Debug|x64.ActiveCfg = Debug|x64
		{005A9396-6C4B-49D0-AB5B-38F742CD5B16}.Debug|x64.Build.0 = Debug|x64
		{005A9396-6C4B-49D0-AB5B-38F742CD5B16}.Debug|x86.ActiveCfg = Debug|Win32
		{005A9396-6C4B-49D0-AB5B-38F742CD5B16}.Debug|x86.Build.0 = Debug|Win32
		{005A9396-6C4B-49D0-AB5B-38F742CD5B16}.Release|x64.ActiveCfg = Release|x64
		{005A9396-6C4B-49D0-AB5B-38F742CD5B16}.Release|x64.Build.0 = Release|x64
		{005A9396-6C4B-49D0-AB5B-38F742CD5B16}.Release|x86.ActiveCfg = Release|Win32
		{005A9396-6C4B-49D0-AB5B-38F742CD5B16}.Release|x86.Build.0 = Release|Win32
		{01CE3126-A469-445E-833A-0883A29CBC53}.Debug|x64.ActiveCfg = Debug|x64
		{01CE3126-A469-445E-833A-0883A29CBC53}.Debug|x64.Build.0 = Debug|x64
		{01CE3126-A469-445E-833A-0883A29CBC53}.Debug|x86.ActiveCfg = Debug|Win32
		{01CE3126-A469-445E-833A-0883A29CBC53}.Debug|x86.Build.0 = Debug|Win32
		{01CE3126-A469-445E-833A-0883A29CBC53}.Release|x64.ActiveCfg = Release|x64
		{01CE3126-A469-445E-833A-0883A29CBC53}.Release|x64.Build.0 = Release|x64
		{01CE3126-A469-445E-833A-0883A29CBC53}.Release|x86.ActiveCfg = Release|Win32
		{01CE3126-A469-445E-833A-0883A29CBC53}.Release|x86.Build.0 = Release|Win32
		{F69F903A-4622-4B2A-919F-FDA53D4F45F0}.Debug|x64.ActiveCfg = Debug|x64
		{F69F903A-4622-4B2A-919F-FDA53D4F45F0}.Debug|x64.Build.0 = Debug|x64
		{F69F903A-4622-4B2A-919F-FDA53D4F45F0}.Debug|x86.ActiveCfg = Debug|Win32
		{F69F903A-4622-4B2A-919F-FDA53D4F45F0}.Debug|x86.Build.0 = Debug|Win32
		{F69F903A-4622-4B2A-919F-FDA53D4F45F0}.Release|x64.ActiveCfg = Release|x64
		{F69F903A-4622-4B2A-919F-FDA53D4F45F0}.Release|x64.Build.0 = Release|x64
		{F69F903A-4622-4B2A-919F-FDA53D4F45F0}.Release|x86.ActiveCfg = Release|Win32
		{F69F903A-4622-4B2A-919F-FDA53D4F45F0}.Release|x86.Build.0 = Release|Win32
		{A0B42268-75B9-4802-A4BC-ADD26262F1FC}.Debug|x64.ActiveCfg = Debug|x64
		{A0B42268-75B9-4802-A4BC-ADD26262F1FC}.Debug|x64.Build.0 = Debug|x64
		{A0B42268-75B9-4802-A4BC-ADD26262F1FC}.Debug|x86.ActiveCfg = Debug|Win32
		{A0B42268-75B9-4802-A4BC-ADD26262F1FC}.Debug|x86.Build.0 = Debug|Win32
		{A0B42268-75B9-4802-A4BC-ADD26262F1FC}.Release|x64.ActiveCfg = Release|x64
		{A0B42268-75B9-4802-A4BC-ADD26262F1FC}.Release|x64.Build.0 = Release|x64
		{A0B42268-75B9-4802-A4BC-ADD26262F1FC}.Release|x86.ActiveCfg = Release|Win32
		{A0B42268-75B9-4802-A4BC-ADD26262F1FC}.Release|x86.Build.0 = Release|Win32
		{50769F9D-0642-4779-BD15-17A942EE5FB1}.Debug|x64.ActiveCfg = Debug|x64
		{50769F9D-0642-4779-BD15-17A942EE5FB1}.Debug|x64.Build.0 = Debug|x64
		{50769F9D-0642-4779-BD15-17A942EE5FB1}.Debug|x86.ActiveCfg = Debug|Win32
		{50769F9D-0642-4779-BD15-17A942EE5FB1}.Debug|x86.Build.0 = Debug|Win32
		{50769F9D-0642-4779-BD15-17A942EE5FB1}.Release|x64.ActiveCfg = Release|x64
		{50769F9D-0642-4779-BD15-17A942EE5FB1}.Release|x64.Build.0 = Release|x64
		{50769F9D-0642-4779-BD15-17A942EE5FB1}.Release|x86.ActiveCfg = Release|Win32
		{50769F9D-0642-4779-BD15-17A942EE5FB1}.Release|x86.Build.0 = Release|Win32
		{4707C85C-D0E9-40F5-9CD7-8F2F2532E143}.Debug|x64.ActiveCfg = Debug|x64
		{4707C85C-D0E9-40F5-9CD7-8F2F2532E143}.Debug|x64.Build.0 = Debug|x64
		{4707C85C-D0E9-40F5-9CD7-8F2F2532E143}.Debug|x86.ActiveCfg = Debug|Win32
		{4707C85C-D0E9-40F5-9CD7-8F2F2532E143}.Debug|x86.Build.0 = Debug|Win32
		{4707C85C-D0E9-40F5-9CD7-8F2F2532E143}.Release|x64.ActiveCfg = Release|x64
		{4707C85C-D0E9-40F5-9CD7-8F2F2532E143}.Release|x64.Build.0 = Release|x64
		{4707C85C-D0E9-40F5-9CD7-8F2F2532E143}.Release|x86.ActiveCfg = Release|Win32
		{4707C85C-D0E9-40F5-9CD7-8F2F2532E143}.Release|x86.Build.0 = Release|Win32
		{AB1E19A4-D6D2-4ED5-88EA-5C026E1D0822}.Debug|x64.ActiveCfg = Debug|x64
		{AB1E19A4-D6D2-4ED5-88EA-5C026E1D0822}.Debug|x64.Build.0 = Debug|x64
		{AB1E19A4-D6D2-4ED5-88EA-5C026E1D0822}.Debug|x86.ActiveCfg = Debug|Win32
		{AB1E19A4-D6D2-4ED5-88EA-5C026E1D0822}.Debug|x86.Build.0 = Debug|Win32
		{AB1E19A4-D6D2-4ED5-88EA-5C026E1D0822}.Release|x64.ActiveCfg = Release|x64
		{AB1E19A4-D6D2-4ED5-88EA-5C026E1D0822}.Release|x64.Build.0 = Release|x64
		{AB1E19A4-D6D2-4ED5-88EA-5C026E1D0822}.Release|x86.ActiveCfg = Release|Win32
		{AB1E19A4-D6D2-4ED5-88EA-5C026E1D0822}.Release|x86.Build.0 = Release|Win32
		{F35AEF1D-07EA-4516-BCFE-1DBC9E89ACB3}.Debug|x64.ActiveCfg = Debug|x64
		{F35AEF1D-07EA-4516-BCFE-1DBC9E89ACB3}.Debug|x64.Build.0 = Debug|x64
		{F35AEF1D-07EA-4516-BCFE-1DBC9E89ACB3}.Debug|x86.ActiveCfg = Debug|Win32
		{F35AEF1D-07EA-4516-BCFE-1DBC9E89ACB3}.Debug|x86.Build.0 = Debug|Win32
		{F35AEF1D-07EA-4516-BCFE-1DBC9E89ACB3}.Release|x64.ActiveCfg = Release|x64
		{F35AEF1D-07EA-4516-BCFE-1DBC9E89ACB3}.Release|x64.Build.0 = Release|x64
		{F35AEF1D-07EA-4516-BCFE-1DBC9E89ACB3}.Release|x86.ActiveCfg = Release|Win32
		{F35AEF1D-07EA-4516-BCFE-1DBC9E89ACB3}.Release|x86.Build.0 = Release|Win32
		{5250FFFE-CECB-46DA-A708-D194D3C629DD}.Debug|x64.ActiveCfg = Debug|x64
		{5250FFFE-CECB-46DA-A708-D194D3C629DD}.Debug|x64.Build.0 = Debug|x64
		{5250FFFE-CECB-46DA-A708-D194D3C629DD}.Debug|x86.ActiveCfg = Debug|Win32
		{5250FFFE-CECB-46DA-A708-D194D3C629DD}.Debug|x86.Build.0 = Debug|Win32
		{5250FFFE-CECB-46DA-A708-D194D3C629DD}.Release|x64.ActiveCfg = Release|x64
		{5250FFFE-CECB-46DA-A708-D194D3C629DD}.Release|x64.Build.0 = Release|x64
		{5250FFFE-CECB-46DA-A708-D194D3C629DD}.Release|x86.ActiveCfg = Release|Win32
		{5250FFFE-CECB-46DA-A708-D194D3C629DD}.Release|x86.Build.0 = Release|Win32
		{65B14E1C-063F-4573-8560-3F1972CEED9C}.Debug|x64.ActiveCfg = Debug|x64
		{65B14E1C-063F-4573-8560-3F1972CEED9C}.Debug|x64.Build.0 = Debug|x64
		{65B14E1C-063F-4573-8560-3F1972CEED9C}.Debug|x86.ActiveCfg = Debug|Win32
		{65B14E1C-063F-4573-8560-3F1972CEED9C}.Debug|x86.Build.0 = Debug|Win32
		{65B14E1C-063F-4573-8560-3F1972CEED9C}.Release|x64.ActiveCfg = Release|x64
		{65B14E1C-063F-4573-8560-3F1972CEED9C}.Release|x64.Build.0 = Release|x64
		{65B14E1C-063F-4573-8560-3F1972CEED9C}.Release|x86.ActiveCfg = Release|Win32
		{65B14E1C-063F-4573-8560-3F1972CEED9C}.Release|x86.Build.0 = Release|Win32
		{D1A77412-D5F5-4AD6-87E1-CEDA67A78941}.Debug|x64.ActiveCfg = Debug|x64
		{D1A77412-D5F5-4AD6-87E1-CEDA67A78941}.Debug|x64.Build.0 = Debug|x64
		{D1A77412-D5F5-4AD6-87E1-CEDA67A78941}.Debug|x86.ActiveCfg = Debug|Win32
		{D1A77412-D5F5-4AD6-87E1-CEDA67A78941}.Debug|x86.Build.0 = Debug|Win32
		{D1A77412-D5F5-4AD6-87E1-CEDA67A78941}.Release|x64.ActiveCfg = Release|x64
		{D1A77412-D5F5-4AD6-87E1-CEDA67A78941}.Release|x64.Build.0 = Release|x64
		{D1A77412-D5F5-4AD6-87E1-CEDA67A78941}.Release|x86.ActiveCfg = Release|Win32
		{D1A77412-D5F5-4AD6-87E1-CEDA67A78941}.Release|x86.Build.0 = Release|Win32
		{4F56BD83-53D4-4EDA-9FB0-8346C39C85AF}.Debug|x64.ActiveCfg = Debug|x64
		{4F56BD83-53D4-4EDA-9FB0-8346C39C85AF}.Debug|x64.Build.0 = Debug|x64
		{4F56BD83-53D4-4EDA-9FB0-8346C39C85AF}.Debug|x86.ActiveCfg = Debug|Win32
		{4F56BD83-53D4-4EDA-9FB0-8346C39C85AF}.Debug|x86.Build.0 = Debug|Win32
		{4F56BD83-53D4-4EDA-9FB0-8346C39C85AF}.Release|x64.ActiveCfg = Release|x64
		{4F56BD83-53D4-4EDA-9FB0-8346C39C85AF}.Release|x64.Build.0 = Release|x64
		{4F56BD83-53D4-4EDA-9FB0-8346C39C85AF}.Release|x86.ActiveCfg = Release|Win32
		{4F56BD83-53D4-4EDA-9FB0-8346C39C85AF}.Release|x86.Build.0 = Release|Win32
		{BAC29B10-81BD-4163-9276-C642AFEE5581}.Debug|x64.ActiveCfg = Debug|x64
		{BAC29B10-81BD-4163-9276-C642AFEE5581}.Debug|x64.Build.0 = Debug|x64
		{BAC29B10-81BD-4163-9276-C642AFEE5581}.Debug|x86.ActiveCfg = Debug|Win32
		{BAC29B10-81BD-4163-9276-C642AFEE5581}.Debug|x86.Build.0 = Debug|Win32
		{BAC29B10-81BD-4163-9276-C642AFEE5581}.Release|x64.ActiveCfg = Release|x64
		{BAC29B10-81BD-4163-9276-C642AFEE5581}.Release|x64.Build.0 = Release|x64
		{BAC29B10-81BD-4163-9276-C642AFEE5581}.Release|x86.ActiveCfg = Release|Win32
		{BAC29B10-81BD-4163-9276-C642AFEE5581}.Release|x86.Build.0 = Release|Win32
		{F5724361-F362-4B87-8EDF-93FDF912401B}.Debug|x64.ActiveCfg = Debug|x64
		{F5724361-F362-4B87-8EDF-93FDF912401B}.Debug|x64.Build.0 = Debug|x64
		{F5724361-F362-4B87-8EDF-93FDF912401B}.Debug|x86.ActiveCfg = Debug|Win32
		{F5724361-F362-4B87-8EDF-93FDF912401B}.Debug|x86.Build.0 = Debug|Win32
		{F5724361-F362-4B87-8EDF-93FDF912401B}.Release|x64.ActiveCfg = Release|x64
		{F5724361-F362-4B87-8EDF-93FDF912401B}.Release|x64.Build.0 = Release|x64
		{F5724361-F362-4B87-8EDF-93FDF912401B}.Release|x86.ActiveCfg = Release|Win32
		{F5724361-F362-4B87-8EDF-93FDF912401B}.Release|x86.Build.0 = Release|Win32
		{B890017C-DDE2-4781-8646-9FEC5C0AC675}.Debug|x64.ActiveCfg = Debug|x64
		{B890017C-DDE2-4781-8646-9FEC5C0AC675}.Debug|x64.Build.0 = Debug|x64
		{B890017C-DDE2-4781-8646-9FEC5C0AC675}.Debug|x86.ActiveCfg = Debug|Win32
		{B890017C-DDE2-4781-8646-9FEC5C0AC675}.Debug|x86.Build.0 = Debug|Win32
		{B890017C-DDE2-4781-8646-9FEC5C0AC675}.Release|x64.ActiveCfg = Release|x64
		{B890017C-DDE2-4781-8646-9FEC5C0AC675}.Release|x64.Build.0 = Release|x64
		{B890017C-DDE2-4781-8646-9FEC5C0AC675}.Release|x86.ActiveCfg = Release|Win32
		{B890017C-DDE2-4781-8646-9FEC5C0AC675}.Release|x86.Build.0 = Release|Win32
		{F4BB48EB-6271-4FDE-BA26-62B6E5547DA5}.Debug|x64.ActiveCfg = Debug|x64
		{F4BB48EB-6271-4FDE-BA26-62B6E5547DA5}.Debug|x64.Build.0 = Debug|x64
		{F4BB48EB-6271-4FDE-BA26-62B6E5547DA5}.Debug|x86.ActiveCfg = Debug|Win32
		{F4BB48EB-6271-4FDE-BA26-62B6E5547DA5}.Debug|x86.Build.0 = Debug|Win32
		{F4BB48EB-6271-4FDE-BA26-62B6E5547DA5}.Release|x64.ActiveCfg = Release|x64
		{F4BB48EB-6271-4FDE-BA26-62B6E5547DA5}.Release|x64.Build.0 = Release|x64
		{F4BB48EB-6271-4FDE-BA26-62B6E5547DA5}.Release|x86.ActiveCfg = Release|Win32
		{F4BB48EB-6271-4FDE-BA26-62B6E5547DA5}.Release|x86.Build.0 = Release|Win32
		{F35AEF1D-07EA-4516-BCFE-1CDDA9E89AB3}.Debug|x64.ActiveCfg = Debug|x64
		{F35AEF1D-07EA-4516-BCFE-1CDDA9E89AB3}.Debug|x64.Build.0 = Debug|x64
		{F35AEF1D-07EA-4516-BCFE-1CDDA9E89AB3}.Debug|x86.ActiveCfg = Debug|Win32
		{F35AEF1D-07EA-4516-BCFE-1CDDA9E89AB3}.Debug|x86.Build.0 = Debug|Win32
		{F35AEF1D-07EA-4516-BCFE-1CDDA9E89AB3}.Release|x64.ActiveCfg = Release|x64
		{F35AEF1D-07EA-4516-BCFE-1CDDA9E89AB3}.Release|x64.Build.0 = Release|x64
		{F35AEF1D-07EA-4516-BCFE-1CDDA9E89AB3}.Release|x86.ActiveCfg = Release|Win32
		{F35AEF1D-07EA-4516-BCFE-1CDDA9E89AB3}.Release|x86.Build.0 = Release|Win32
		{93793484-AC3D-47D4-99D2-77CB50987ACC}.Debug|x64.ActiveCfg = Debug|x64
		{93793484-AC3D-47D4-99D2-77CB50987ACC}.Debug|x64.Build.0 = Debug|x64
		{93793484-AC3D-47D4-99D2-77CB50987ACC}.Debug|x86.ActiveCfg = Debug|Win32
		{93793484-AC3D-47D4-99D2-77CB50987ACC}.Debug|x86.Build.0 = Debug|Win32
		{93793484-AC3D-47D4-99D2-77CB50987ACC}.Release|x64.ActiveCfg = Release|x64
		{93793484-AC3D-47D4-99D2-77CB50987ACC}.Release|x64.Build.0 = Release|x64
		{93793484-AC3D-47D4-99D2-77CB50987ACC}.Release|x86.ActiveCfg = Release|Win32
		{93793484-AC3D-47D4-99D2-77CB50987ACC}.Release|x86.Build.0 = Release|Win32
		{3EBD0347-76DF-4659-9F5B-F9E5ACC619B0}.Debug|x64.ActiveCfg = Debug|x64
		{3EBD0347-76DF-4659-9F5B-F9E5ACC619B0}.Debug|x64.Build.0 = Debug|x64
		{3EBD0347-76DF-4659-9F5B-F9E5ACC619B0}.Debug|x86.ActiveCfg = Debug|Win32
		{3EBD0347-76DF-4659-9F5B-F9E5ACC619B0}.Debug|x86.Build.0 = Debug|Win32
		{3EBD0347-76DF-4659-9F5B-F9E5ACC619B0}.Release|x64.ActiveCfg = Release|x64
		{3EBD0347-76DF-4659-9F5B-F9E5ACC619B0}.Release|x64.Build.0 = Release|x64
		{3EBD0347-76DF-4659-9F5B-F9E5ACC619B0}.Release|x86.ActiveCfg = Release|Win32
		{3EBD0347-76DF-4659-9F5B-F9E5ACC619B0}.Release|x86.Build.0 = Release|Win32
		{5BD03DCD-D940-491F-9CA9-7FB8DE09284A}.Debug|x64.ActiveCfg = Debug|x64
		{5BD03DCD-D940-491F-9CA9-7FB8DE09284A}.Debug|x64.Build.0 = Debug|x64
		{5BD03DCD-D940-491F-9CA9-7FB8DE09284A}.Debug|x86.ActiveCfg = Debug|Win32
		{5BD03DCD-D940-491F-9CA9-7FB8DE09284A}.Debug|x86.Build.0 = Debug|Win32
		{5BD03DCD-D940-491F-9CA9-7FB8DE09284A}.Release|x64.ActiveCfg = Release|x64
		{5BD03DCD-D940-491F-9CA9-7FB8DE09284A}.Release|x64.Build.0 = Release|x64
		{5BD03DCD-D940-491F-9CA9-7FB8DE09284A}.Release|x86.ActiveCfg = Release|Win32
		{5BD03DCD-D940-491F-9CA9-7FB8DE09284A}.Release|x86.Build.0 = Release|Win32
		{5074BCBA-7AA8-4D12-8B3A-EDC8B6C29789}.Debug|x64.ActiveCfg = Debug|x64
		{5074BCBA-7AA8-4D12-8B3A-EDC8B6C29789}.Debug|x64.Build.0 = Debug|x64
		{5074BCBA-7AA8-4D12-8B3A-EDC8B6C29789}.Debug|x86.ActiveCfg = Debug|Win32
		{5074BCBA-7AA8-4D12-8B3A-EDC8B6C29789}.Debug|x86.Build.0 = Debug|Win32
		{5074BCBA-7AA8-4D12-8B3A-EDC8B6C29789}.Release|x64.ActiveCfg = Release|x64
		{5074BCBA-7AA8-4D12-8B3A-EDC8B6C29789}.Release|x64.Build.0 = Release|x64
		{5074BCBA-7AA8-4D12-8B3A-EDC8B6C29789}.Release|x86.ActiveCfg = Release|Win32
		{5074BCBA-7AA8-4D12-8B3A-EDC8B6C29789}.Release|x86.Build.0 = Release|Win32
	EndGlobalSection
	GlobalSection(SolutionProperties) = preSolution
		HideSolutionNode = FALSE
	EndGlobalSection
	GlobalSection(ExtensibilityGlobals) = postSolution
		SolutionGuid = {589ADAE0-2C1F-4EDB-A048-5F5A94FFE5A5}
	EndGlobalSection
EndGlobal
